
Microsoft Visual Studio Solution File, Format Version 12.00
# Visual Studio Version 17
VisualStudioVersion = 17.1.32228.430
MinimumVisualStudioVersion = 10.0.40219.1
Project("{9A19103F-16F7-4668-BE54-9A1E7A4F7556}") = "Курсовий_проект_Барташ", "Курсовий_проект_Барташ\Курсовий_проект_Барташ.csproj", "{EF62B6CA-0AF1-4809-996B-3B8D154A984E}"
EndProject
Project("{9A19103F-16F7-4668-BE54-9A1E7A4F7556}") = "Infrastracture", "Infrastracture\Infrastracture.csproj", "{EFE79B28-4E1F-4C47-9DA7-8FD773DF4265}"
EndProject
Project("{9A19103F-16F7-4668-BE54-9A1E7A4F7556}") = "Core", "Services\Core.csproj", "{47A914AE-921C-4851-A43C-4EC234675F67}"
EndProject
Global
	GlobalSection(SolutionConfigurationPlatforms) = preSolution
		Debug|Any CPU = Debug|Any CPU
		Release|Any CPU = Release|Any CPU
	EndGlobalSection
	GlobalSection(ProjectConfigurationPlatforms) = postSolution
		{EF62B6CA-0AF1-4809-996B-3B8D154A984E}.Debug|Any CPU.ActiveCfg = Debug|Any CPU
		{EF62B6CA-0AF1-4809-996B-3B8D154A984E}.Debug|Any CPU.Build.0 = Debug|Any CPU
		{EF62B6CA-0AF1-4809-996B-3B8D154A984E}.Release|Any CPU.ActiveCfg = Release|Any CPU
		{EF62B6CA-0AF1-4809-996B-3B8D154A984E}.Release|Any CPU.Build.0 = Release|Any CPU
		{EFE79B28-4E1F-4C47-9DA7-8FD773DF4265}.Debug|Any CPU.ActiveCfg = Debug|Any CPU
		{EFE79B28-4E1F-4C47-9DA7-8FD773DF4265}.Debug|Any CPU.Build.0 = Debug|Any CPU
		{EFE79B28-4E1F-4C47-9DA7-8FD773DF4265}.Release|Any CPU.ActiveCfg = Release|Any CPU
		{EFE79B28-4E1F-4C47-9DA7-8FD773DF4265}.Release|Any CPU.Build.0 = Release|Any CPU
		{47A914AE-921C-4851-A43C-4EC234675F67}.Debug|Any CPU.ActiveCfg = Debug|Any CPU
		{47A914AE-921C-4851-A43C-4EC234675F67}.Debug|Any CPU.Build.0 = Debug|Any CPU
		{47A914AE-921C-4851-A43C-4EC234675F67}.Release|Any CPU.ActiveCfg = Release|Any CPU
		{47A914AE-921C-4851-A43C-4EC234675F67}.Release|Any CPU.Build.0 = Release|Any CPU
	EndGlobalSection
	GlobalSection(SolutionProperties) = preSolution
		HideSolutionNode = FALSE
	EndGlobalSection
	GlobalSection(ExtensibilityGlobals) = postSolution
		SolutionGuid = {E0B219B6-5C54-4CCA-921A-FE59EDF10140}
	EndGlobalSection
EndGlobal
